{
  "name": "kenyashop",
  "lockfileVersion": 2,
  "requires": true,
  "packages": {
    "": {
      "dependencies": {
        "@morteza-jamali/lineicons": "^2.0.1"
      }
    },
    "node_modules/@morteza-jamali/lineicons": {
      "version": "2.0.1",
      "resolved": "https://registry.npmjs.org/@morteza-jamali/lineicons/-/lineicons-2.0.1.tgz",
      "integrity": "sha512-dKBBiZ+6RzWOtOxX6muTwi2MCmE/YqKan3SCRPEWQeEa/6thVo8tABNlOzg0ZC1NW2cR/M1q22xYwOIaRM491g=="
    }
  },
  "dependencies": {
    "@morteza-jamali/lineicons": {
      "version": "2.0.1",
      "resolved": "https://registry.npmjs.org/@morteza-jamali/lineicons/-/lineicons-2.0.1.tgz",
      "integrity": "sha512-dKBBiZ+6RzWOtOxX6muTwi2MCmE/YqKan3SCRPEWQeEa/6thVo8tABNlOzg0ZC1NW2cR/M1q22xYwOIaRM491g=="
    }
  }
}
